
Microsoft Visual Studio Solution File, Format Version 12.00
# Visual Studio Version 17
VisualStudioVersion = 17.9.34723.18
MinimumVisualStudioVersion = 10.0.40219.1
Project("{FAE04EC0-301F-11D3-BF4B-00C04F79EFBC}") = "Rideme", "Rideme\Rideme.csproj", "{F463B198-AE3E-49BD-951D-9B1DF5B0D23C}"
EndProject
Global
	GlobalSection(SolutionConfigurationPlatforms) = preSolution
		Debug|Any CPU = Debug|Any CPU
		Release|Any CPU = Release|Any CPU
	EndGlobalSection
	GlobalSection(ProjectConfigurationPlatforms) = postSolution
		{F463B198-AE3E-49BD-951D-9B1DF5B0D23C}.Debug|Any CPU.ActiveCfg = Debug|Any CPU
		{F463B198-AE3E-49BD-951D-9B1DF5B0D23C}.Debug|Any CPU.Build.0 = Debug|Any CPU
		{F463B198-AE3E-49BD-951D-9B1DF5B0D23C}.Release|Any CPU.ActiveCfg = Release|Any CPU
		{F463B198-AE3E-49BD-951D-9B1DF5B0D23C}.Release|Any CPU.Build.0 = Release|Any CPU
	EndGlobalSection
	GlobalSection(SolutionProperties) = preSolution
		HideSolutionNode = FALSE
	EndGlobalSection
	GlobalSection(ExtensibilityGlobals) = postSolution
		SolutionGuid = {51BE3136-DDCE-4EA1-ABE5-4DBB1D163CF8}
	EndGlobalSection
EndGlobal
